// !$*UTF8*$!
{
	archiveVersion = 1;
	classes = {
	};
	objectVersion = 51;
	objects = {

/* Begin PBXBuildFile section */
		837BFB8422AAE6FB00010A93 /* AppDelegate.swift in Sources */ = {isa = PBXBuildFile; fileRef = 837BFB8322AAE6FB00010A93 /* AppDelegate.swift */; };
		837BFB8622AAE6FB00010A93 /* ViewController.swift in Sources */ = {isa = PBXBuildFile; fileRef = 837BFB8522AAE6FB00010A93 /* ViewController.swift */; };
		837BFB8922AAE6FB00010A93 /* Main.storyboard in Resources */ = {isa = PBXBuildFile; fileRef = 837BFB8722AAE6FB00010A93 /* Main.storyboard */; };
		837BFB8B22AAE6FC00010A93 /* Assets.xcassets in Resources */ = {isa = PBXBuildFile; fileRef = 837BFB8A22AAE6FC00010A93 /* Assets.xcassets */; };
		837BFB8E22AAE6FC00010A93 /* LaunchScreen.storyboard in Resources */ = {isa = PBXBuildFile; fileRef = 837BFB8C22AAE6FC00010A93 /* LaunchScreen.storyboard */; };
		83BE4F0422B2AE7400C6C5AF /* mountains.jpg in Resources */ = {isa = PBXBuildFile; fileRef = 83BE4F0222B2AE7400C6C5AF /* mountains.jpg */; };
		83BE4F0522B2AE7400C6C5AF /* clouds.png in Resources */ = {isa = PBXBuildFile; fileRef = 83BE4F0322B2AE7400C6C5AF /* clouds.png */; };
		85678B6DC35BD83B13640DEE /* Pods_MagicWindow.framework in Frameworks */ = {isa = PBXBuildFile; fileRef = 448D00F9F3B04EF83872C4CC /* Pods_MagicWindow.framework */; };
		AD711471248AC8D200894922 /* peke_svg.svg in Resources */ = {isa = PBXBuildFile; fileRef = AD711468248AC8D200894922 /* peke_svg.svg */; };
		AD711472248AC8D200894922 /* dl_svg.svg in Resources */ = {isa = PBXBuildFile; fileRef = AD711469248AC8D200894922 /* dl_svg.svg */; };
		AD711473248AC8D200894922 /* shoot_svg.svg in Resources */ = {isa = PBXBuildFile; fileRef = AD71146A248AC8D200894922 /* shoot_svg.svg */; };
		AD711474248AC8D200894922 /* cam_svg.svg in Resources */ = {isa = PBXBuildFile; fileRef = AD71146B248AC8D200894922 /* cam_svg.svg */; };
		AD711477248AC8D200894922 /* info_svg.svg in Resources */ = {isa = PBXBuildFile; fileRef = AD71146E248AC8D200894922 /* info_svg.svg */; };
		AD711478248AC8D200894922 /* gifsvg.svg in Resources */ = {isa = PBXBuildFile; fileRef = AD71146F248AC8D200894922 /* gifsvg.svg */; };
		AD711479248AC8D200894922 /* share_svg.svg in Resources */ = {isa = PBXBuildFile; fileRef = AD711470248AC8D200894922 /* share_svg.svg */; };
		AD71147B248ACCFF00894922 /* import_svg.svg in Resources */ = {isa = PBXBuildFile; fileRef = AD71147A248ACCFF00894922 /* import_svg.svg */; };
		AD71147D248ACD7900894922 /* import_svg2.svg in Resources */ = {isa = PBXBuildFile; fileRef = AD71147C248ACD7900894922 /* import_svg2.svg */; };
		AD711482248AD1E700894922 /* gif_svg.svg in Resources */ = {isa = PBXBuildFile; fileRef = AD711480248AD1E700894922 /* gif_svg.svg */; };
		AD711483248AD1E700894922 /* plus_svg.svg in Resources */ = {isa = PBXBuildFile; fileRef = AD711481248AD1E700894922 /* plus_svg.svg */; };
		AD711485248AD22E00894922 /* grad.svg in Resources */ = {isa = PBXBuildFile; fileRef = AD711484248AD22E00894922 /* grad.svg */; };
		AD711487248ADC5600894922 /* giphy.gif in Resources */ = {isa = PBXBuildFile; fileRef = AD711486248ADC5600894922 /* giphy.gif */; };
		AD711489248ADC8800894922 /* def.png in Resources */ = {isa = PBXBuildFile; fileRef = AD711488248ADC8800894922 /* def.png */; };
		AD71148B248B01F900894922 /* AboutViewController.swift in Sources */ = {isa = PBXBuildFile; fileRef = AD71148A248B01F900894922 /* AboutViewController.swift */; };
		AD71148D248B045A00894922 /* peke2.svg in Resources */ = {isa = PBXBuildFile; fileRef = AD71148C248B045A00894922 /* peke2.svg */; };
		AD71148F248B056500894922 /* magicsky_top_b.svg in Resources */ = {isa = PBXBuildFile; fileRef = AD71148E248B056500894922 /* magicsky_top_b.svg */; };
		AD7BA53A24805A11002295F0 /* IntroViewController.swift in Sources */ = {isa = PBXBuildFile; fileRef = AD7BA53924805A11002295F0 /* IntroViewController.swift */; };
		AD7BA53C24805A83002295F0 /* CameraViewController.swift in Sources */ = {isa = PBXBuildFile; fileRef = AD7BA53B24805A83002295F0 /* CameraViewController.swift */; };
		AD7BA53E24805AB6002295F0 /* TutorialViewController.swift in Sources */ = {isa = PBXBuildFile; fileRef = AD7BA53D24805AB6002295F0 /* TutorialViewController.swift */; };
		AD7BA54024805AE1002295F0 /* SkyViewController.swift in Sources */ = {isa = PBXBuildFile; fileRef = AD7BA53F24805AE1002295F0 /* SkyViewController.swift */; };
		AD7BA54224805B00002295F0 /* ShareViewController.swift in Sources */ = {isa = PBXBuildFile; fileRef = AD7BA54124805B00002295F0 /* ShareViewController.swift */; };
		AD7BA544248060D8002295F0 /* defsky.jpg in Resources */ = {isa = PBXBuildFile; fileRef = AD7BA543248060D8002295F0 /* defsky.jpg */; };
		AD7BA54624806478002295F0 /* Bk_ref.swift in Sources */ = {isa = PBXBuildFile; fileRef = AD7BA54524806478002295F0 /* Bk_ref.swift */; };
		AD7BA54824806971002295F0 /* ios-reverse-camera.svg in Resources */ = {isa = PBXBuildFile; fileRef = AD7BA54724806971002295F0 /* ios-reverse-camera.svg */; };
		AD7BA54A2480789C002295F0 /* arrow-back-circle-sharp.svg in Resources */ = {isa = PBXBuildFile; fileRef = AD7BA5492480789C002295F0 /* arrow-back-circle-sharp.svg */; };
		AD7BA54C2480CC7A002295F0 /* Fritz-Info.plist in Resources */ = {isa = PBXBuildFile; fileRef = AD7BA54B2480CC7A002295F0 /* Fritz-Info.plist */; };
		AD8151592486C7DF00AA2181 /* magicsky_top.svg in Resources */ = {isa = PBXBuildFile; fileRef = AD8151582486C7DF00AA2181 /* magicsky_top.svg */; };
		AD81515C2486EE4B00AA2181 /* cloud3.svg in Resources */ = {isa = PBXBuildFile; fileRef = AD81515A2486EE4B00AA2181 /* cloud3.svg */; };
		AD81515D2486EE4B00AA2181 /* cloud2.svg in Resources */ = {isa = PBXBuildFile; fileRef = AD81515B2486EE4B00AA2181 /* cloud2.svg */; };
		AD8151612486F1B100AA2181 /* pt0.svg in Resources */ = {isa = PBXBuildFile; fileRef = AD81515E2486F1B100AA2181 /* pt0.svg */; };
		AD8151632486F1B100AA2181 /* pt1.svg in Resources */ = {isa = PBXBuildFile; fileRef = AD8151602486F1B100AA2181 /* pt1.svg */; };
		AD8151672486F70100AA2181 /* ptpp.svg in Resources */ = {isa = PBXBuildFile; fileRef = AD8151662486F70100AA2181 /* ptpp.svg */; };
		AD8255F2248173CA0062507C /* arrow-forward.svg in Resources */ = {isa = PBXBuildFile; fileRef = AD8255F0248173CA0062507C /* arrow-forward.svg */; };
		AD8255F3248173CA0062507C /* arrow-back.svg in Resources */ = {isa = PBXBuildFile; fileRef = AD8255F1248173CA0062507C /* arrow-back.svg */; };
		AD8255F524851CF70062507C /* logo@3x.png in Resources */ = {isa = PBXBuildFile; fileRef = AD8255F424851CF60062507C /* logo@3x.png */; };
		AD8AF3EE246B49BF008A0777 /* UIImage+AnimatedGIF.swift in Sources */ = {isa = PBXBuildFile; fileRef = AD8AF3EC246B49BF008A0777 /* UIImage+AnimatedGIF.swift */; };
		AD8AF3EF246B49BF008A0777 /* UIImageView+AnimatedGIF.swift in Sources */ = {isa = PBXBuildFile; fileRef = AD8AF3ED246B49BF008A0777 /* UIImageView+AnimatedGIF.swift */; };
		AD8AF3F1246B4CEF008A0777 /* camera.png in Resources */ = {isa = PBXBuildFile; fileRef = AD8AF3F0246B4CEE008A0777 /* camera.png */; };
		AD8AF3F3246B531C008A0777 /* TFLiteExtension.swift in Sources */ = {isa = PBXBuildFile; fileRef = AD8AF3F2246B531C008A0777 /* TFLiteExtension.swift */; };
		AD9225FC246F202B0018EF02 /* save.png in Resources */ = {isa = PBXBuildFile; fileRef = AD9225FB246F202B0018EF02 /* save.png */; };
		ADA69B582475DB8700672F65 /* camera-sharp.svg in Resources */ = {isa = PBXBuildFile; fileRef = ADA69B572475DB8700672F65 /* camera-sharp.svg */; };
		ADA69B5A2475DD5500672F65 /* download-sharp.svg in Resources */ = {isa = PBXBuildFile; fileRef = ADA69B592475DD5400672F65 /* download-sharp.svg */; };
		ADA69B5C2475DE6600672F65 /* image-sharp.svg in Resources */ = {isa = PBXBuildFile; fileRef = ADA69B5B2475DE6600672F65 /* image-sharp.svg */; };
		ADF5CB22246B41F1005342FC /* sky.jpg in Resources */ = {isa = PBXBuildFile; fileRef = ADF5CB21246B41F1005342FC /* sky.jpg */; };
/* End PBXBuildFile section */

/* Begin PBXFileReference section */
		00EB0792BFD114C26D1FBFB7 /* Pods-FritzSkyReplacementDemo.release.xcconfig */ = {isa = PBXFileReference; includeInIndex = 1; lastKnownFileType = text.xcconfig; name = "Pods-FritzSkyReplacementDemo.release.xcconfig"; path = "Target Support Files/Pods-FritzSkyReplacementDemo/Pods-FritzSkyReplacementDemo.release.xcconfig"; sourceTree = "<group>"; };
		2F1C790B23BBCD9752B4C44F /* Pods-SkySegmentationGifCreator.release.xcconfig */ = {isa = PBXFileReference; includeInIndex = 1; lastKnownFileType = text.xcconfig; name = "Pods-SkySegmentationGifCreator.release.xcconfig"; path = "Target Support Files/Pods-SkySegmentationGifCreator/Pods-SkySegmentationGifCreator.release.xcconfig"; sourceTree = "<group>"; };
		448D00F9F3B04EF83872C4CC /* Pods_MagicWindow.framework */ = {isa = PBXFileReference; explicitFileType = wrapper.framework; includeInIndex = 0; path = Pods_MagicWindow.framework; sourceTree = BUILT_PRODUCTS_DIR; };
		4BA49EF4305ED65A2C7DC475 /* Pods-MagicWindow.release.xcconfig */ = {isa = PBXFileReference; includeInIndex = 1; lastKnownFileType = text.xcconfig; name = "Pods-MagicWindow.release.xcconfig"; path = "Target Support Files/Pods-MagicWindow/Pods-MagicWindow.release.xcconfig"; sourceTree = "<group>"; };
		7B7D924E3982B893B32FDFBF /* Pods-SkySegmentationGifCreator.debug.xcconfig */ = {isa = PBXFileReference; includeInIndex = 1; lastKnownFileType = text.xcconfig; name = "Pods-SkySegmentationGifCreator.debug.xcconfig"; path = "Target Support Files/Pods-SkySegmentationGifCreator/Pods-SkySegmentationGifCreator.debug.xcconfig"; sourceTree = "<group>"; };
		837BFB8022AAE6FB00010A93 /* MagicWindow.app */ = {isa = PBXFileReference; explicitFileType = wrapper.application; includeInIndex = 0; path = MagicWindow.app; sourceTree = BUILT_PRODUCTS_DIR; };
		837BFB8322AAE6FB00010A93 /* AppDelegate.swift */ = {isa = PBXFileReference; lastKnownFileType = sourcecode.swift; path = AppDelegate.swift; sourceTree = "<group>"; };
		837BFB8522AAE6FB00010A93 /* ViewController.swift */ = {isa = PBXFileReference; indentWidth = 5; lastKnownFileType = sourcecode.swift; path = ViewController.swift; sourceTree = "<group>"; };
		837BFB8822AAE6FB00010A93 /* Base */ = {isa = PBXFileReference; lastKnownFileType = file.storyboard; name = Base; path = Base.lproj/Main.storyboard; sourceTree = "<group>"; };
		837BFB8A22AAE6FC00010A93 /* Assets.xcassets */ = {isa = PBXFileReference; lastKnownFileType = folder.assetcatalog; path = Assets.xcassets; sourceTree = "<group>"; };
		837BFB8D22AAE6FC00010A93 /* Base */ = {isa = PBXFileReference; lastKnownFileType = file.storyboard; name = Base; path = Base.lproj/LaunchScreen.storyboard; sourceTree = "<group>"; };
		837BFB8F22AAE6FC00010A93 /* Info.plist */ = {isa = PBXFileReference; lastKnownFileType = text.plist.xml; path = Info.plist; sourceTree = "<group>"; };
		83BE4F0222B2AE7400C6C5AF /* mountains.jpg */ = {isa = PBXFileReference; lastKnownFileType = image.jpeg; path = mountains.jpg; sourceTree = "<group>"; };
		83BE4F0322B2AE7400C6C5AF /* clouds.png */ = {isa = PBXFileReference; lastKnownFileType = image.png; path = clouds.png; sourceTree = "<group>"; };
		AD711468248AC8D200894922 /* peke_svg.svg */ = {isa = PBXFileReference; fileEncoding = 4; lastKnownFileType = text.xml; name = peke_svg.svg; path = ../../../src/peke_svg.svg; sourceTree = "<group>"; };
		AD711469248AC8D200894922 /* dl_svg.svg */ = {isa = PBXFileReference; fileEncoding = 4; lastKnownFileType = text.xml; name = dl_svg.svg; path = ../../../src/dl_svg.svg; sourceTree = "<group>"; };
		AD71146A248AC8D200894922 /* shoot_svg.svg */ = {isa = PBXFileReference; fileEncoding = 4; lastKnownFileType = text.xml; name = shoot_svg.svg; path = ../../../src/shoot_svg.svg; sourceTree = "<group>"; };
		AD71146B248AC8D200894922 /* cam_svg.svg */ = {isa = PBXFileReference; fileEncoding = 4; lastKnownFileType = text.xml; name = cam_svg.svg; path = ../../../src/cam_svg.svg; sourceTree = "<group>"; };
		AD71146E248AC8D200894922 /* info_svg.svg */ = {isa = PBXFileReference; fileEncoding = 4; lastKnownFileType = text.xml; name = info_svg.svg; path = ../../../src/info_svg.svg; sourceTree = "<group>"; };
		AD71146F248AC8D200894922 /* gifsvg.svg */ = {isa = PBXFileReference; fileEncoding = 4; lastKnownFileType = text.xml; name = gifsvg.svg; path = ../../../src/gifsvg.svg; sourceTree = "<group>"; };
		AD711470248AC8D200894922 /* share_svg.svg */ = {isa = PBXFileReference; fileEncoding = 4; lastKnownFileType = text.xml; name = share_svg.svg; path = ../../../src/share_svg.svg; sourceTree = "<group>"; };
		AD71147A248ACCFF00894922 /* import_svg.svg */ = {isa = PBXFileReference; fileEncoding = 4; lastKnownFileType = text.xml; name = import_svg.svg; path = ../../../src/import_svg.svg; sourceTree = "<group>"; };
		AD71147C248ACD7900894922 /* import_svg2.svg */ = {isa = PBXFileReference; fileEncoding = 4; lastKnownFileType = text.xml; name = import_svg2.svg; path = ../../../src/import_svg2.svg; sourceTree = "<group>"; };
		AD711480248AD1E700894922 /* gif_svg.svg */ = {isa = PBXFileReference; fileEncoding = 4; lastKnownFileType = text.xml; name = gif_svg.svg; path = ../../../src/gif_svg.svg; sourceTree = "<group>"; };
		AD711481248AD1E700894922 /* plus_svg.svg */ = {isa = PBXFileReference; fileEncoding = 4; lastKnownFileType = text.xml; name = plus_svg.svg; path = ../../../src/plus_svg.svg; sourceTree = "<group>"; };
		AD711484248AD22E00894922 /* grad.svg */ = {isa = PBXFileReference; fileEncoding = 4; lastKnownFileType = text.xml; name = grad.svg; path = ../../../src/grad.svg; sourceTree = "<group>"; };
		AD711486248ADC5600894922 /* giphy.gif */ = {isa = PBXFileReference; lastKnownFileType = image.gif; name = giphy.gif; path = ../../../src/giphy.gif; sourceTree = "<group>"; };
		AD711488248ADC8800894922 /* def.png */ = {isa = PBXFileReference; lastKnownFileType = image.png; name = def.png; path = ../../../src/def.png; sourceTree = "<group>"; };
		AD71148A248B01F900894922 /* AboutViewController.swift */ = {isa = PBXFileReference; lastKnownFileType = sourcecode.swift; path = AboutViewController.swift; sourceTree = "<group>"; };
		AD71148C248B045A00894922 /* peke2.svg */ = {isa = PBXFileReference; fileEncoding = 4; lastKnownFileType = text.xml; name = peke2.svg; path = ../../../src/peke2.svg; sourceTree = "<group>"; };
		AD71148E248B056500894922 /* magicsky_top_b.svg */ = {isa = PBXFileReference; fileEncoding = 4; lastKnownFileType = text.xml; name = magicsky_top_b.svg; path = ../../../src/magicsky_top_b.svg; sourceTree = "<group>"; };
		AD7BA53924805A11002295F0 /* IntroViewController.swift */ = {isa = PBXFileReference; lastKnownFileType = sourcecode.swift; path = IntroViewController.swift; sourceTree = "<group>"; };
		AD7BA53B24805A83002295F0 /* CameraViewController.swift */ = {isa = PBXFileReference; lastKnownFileType = sourcecode.swift; path = CameraViewController.swift; sourceTree = "<group>"; };
		AD7BA53D24805AB6002295F0 /* TutorialViewController.swift */ = {isa = PBXFileReference; lastKnownFileType = sourcecode.swift; path = TutorialViewController.swift; sourceTree = "<group>"; };
		AD7BA53F24805AE1002295F0 /* SkyViewController.swift */ = {isa = PBXFileReference; lastKnownFileType = sourcecode.swift; path = SkyViewController.swift; sourceTree = "<group>"; };
		AD7BA54124805B00002295F0 /* ShareViewController.swift */ = {isa = PBXFileReference; lastKnownFileType = sourcecode.swift; path = ShareViewController.swift; sourceTree = "<group>"; };
		AD7BA543248060D8002295F0 /* defsky.jpg */ = {isa = PBXFileReference; lastKnownFileType = image.jpeg; path = defsky.jpg; sourceTree = "<group>"; };
		AD7BA54524806478002295F0 /* Bk_ref.swift */ = {isa = PBXFileReference; lastKnownFileType = sourcecode.swift; path = Bk_ref.swift; sourceTree = "<group>"; };
		AD7BA54724806971002295F0 /* ios-reverse-camera.svg */ = {isa = PBXFileReference; fileEncoding = 4; lastKnownFileType = text; path = "ios-reverse-camera.svg"; sourceTree = "<group>"; };
		AD7BA5492480789C002295F0 /* arrow-back-circle-sharp.svg */ = {isa = PBXFileReference; fileEncoding = 4; lastKnownFileType = text; path = "arrow-back-circle-sharp.svg"; sourceTree = "<group>"; };
		AD7BA54B2480CC7A002295F0 /* Fritz-Info.plist */ = {isa = PBXFileReference; fileEncoding = 4; lastKnownFileType = text.plist.xml; name = "Fritz-Info.plist"; path = "../../../../Downloads/Fritz-Info.plist"; sourceTree = "<group>"; };
		AD8151582486C7DF00AA2181 /* magicsky_top.svg */ = {isa = PBXFileReference; fileEncoding = 4; lastKnownFileType = text.xml; name = magicsky_top.svg; path = ../../../src/magicsky_top.svg; sourceTree = "<group>"; };
		AD81515A2486EE4B00AA2181 /* cloud3.svg */ = {isa = PBXFileReference; fileEncoding = 4; lastKnownFileType = text.xml; name = cloud3.svg; path = ../../../src/cloud3.svg; sourceTree = "<group>"; };
		AD81515B2486EE4B00AA2181 /* cloud2.svg */ = {isa = PBXFileReference; fileEncoding = 4; lastKnownFileType = text.xml; name = cloud2.svg; path = ../../../src/cloud2.svg; sourceTree = "<group>"; };
		AD81515E2486F1B100AA2181 /* pt0.svg */ = {isa = PBXFileReference; fileEncoding = 4; lastKnownFileType = text.xml; name = pt0.svg; path = ../../../src/pt0.svg; sourceTree = "<group>"; };
		AD8151602486F1B100AA2181 /* pt1.svg */ = {isa = PBXFileReference; fileEncoding = 4; lastKnownFileType = text.xml; name = pt1.svg; path = ../../../src/pt1.svg; sourceTree = "<group>"; };
		AD8151662486F70100AA2181 /* ptpp.svg */ = {isa = PBXFileReference; fileEncoding = 4; lastKnownFileType = text.xml; name = ptpp.svg; path = ../../../src/ptpp.svg; sourceTree = "<group>"; };
		AD8255F0248173CA0062507C /* arrow-forward.svg */ = {isa = PBXFileReference; fileEncoding = 4; lastKnownFileType = text; path = "arrow-forward.svg"; sourceTree = "<group>"; };
		AD8255F1248173CA0062507C /* arrow-back.svg */ = {isa = PBXFileReference; fileEncoding = 4; lastKnownFileType = text; path = "arrow-back.svg"; sourceTree = "<group>"; };
		AD8255F424851CF60062507C /* logo@3x.png */ = {isa = PBXFileReference; lastKnownFileType = image.png; name = "logo@3x.png"; path = "../../../src/logo@3x.png"; sourceTree = "<group>"; };
		AD8AF3EC246B49BF008A0777 /* UIImage+AnimatedGIF.swift */ = {isa = PBXFileReference; fileEncoding = 4; lastKnownFileType = sourcecode.swift; path = "UIImage+AnimatedGIF.swift"; sourceTree = "<group>"; };
		AD8AF3ED246B49BF008A0777 /* UIImageView+AnimatedGIF.swift */ = {isa = PBXFileReference; fileEncoding = 4; lastKnownFileType = sourcecode.swift; path = "UIImageView+AnimatedGIF.swift"; sourceTree = "<group>"; };
		AD8AF3F0246B4CEE008A0777 /* camera.png */ = {isa = PBXFileReference; lastKnownFileType = image.png; path = camera.png; sourceTree = "<group>"; };
		AD8AF3F2246B531C008A0777 /* TFLiteExtension.swift */ = {isa = PBXFileReference; fileEncoding = 4; lastKnownFileType = sourcecode.swift; path = TFLiteExtension.swift; sourceTree = "<group>"; };
		AD9225FB246F202B0018EF02 /* save.png */ = {isa = PBXFileReference; lastKnownFileType = image.png; name = save.png; path = MagicWindow/imgs/save.png; sourceTree = SOURCE_ROOT; };
		ADA69B572475DB8700672F65 /* camera-sharp.svg */ = {isa = PBXFileReference; fileEncoding = 4; lastKnownFileType = text; path = "camera-sharp.svg"; sourceTree = "<group>"; };
		ADA69B592475DD5400672F65 /* download-sharp.svg */ = {isa = PBXFileReference; fileEncoding = 4; lastKnownFileType = text; path = "download-sharp.svg"; sourceTree = "<group>"; };
		ADA69B5B2475DE6600672F65 /* image-sharp.svg */ = {isa = PBXFileReference; fileEncoding = 4; lastKnownFileType = text; path = "image-sharp.svg"; sourceTree = "<group>"; };
		ADF5CB21246B41F1005342FC /* sky.jpg */ = {isa = PBXFileReference; lastKnownFileType = image.jpeg; path = sky.jpg; sourceTree = "<group>"; };
		C2FF1AFF71311CB0E5F8DD53 /* Pods-MagicWindow.debug.xcconfig */ = {isa = PBXFileReference; includeInIndex = 1; lastKnownFileType = text.xcconfig; name = "Pods-MagicWindow.debug.xcconfig"; path = "Target Support Files/Pods-MagicWindow/Pods-MagicWindow.debug.xcconfig"; sourceTree = "<group>"; };
		D740A4F1C963ED2A12454102 /* Pods-FritzSkyReplacementDemo.debug.xcconfig */ = {isa = PBXFileReference; includeInIndex = 1; lastKnownFileType = text.xcconfig; name = "Pods-FritzSkyReplacementDemo.debug.xcconfig"; path = "Target Support Files/Pods-FritzSkyReplacementDemo/Pods-FritzSkyReplacementDemo.debug.xcconfig"; sourceTree = "<group>"; };
/* End PBXFileReference section */

/* Begin PBXFrameworksBuildPhase section */
		837BFB7D22AAE6FB00010A93 /* Frameworks */ = {
			isa = PBXFrameworksBuildPhase;
			buildActionMask = 2147483647;
			files = (
				85678B6DC35BD83B13640DEE /* Pods_MagicWindow.framework in Frameworks */,
			);
			runOnlyForDeploymentPostprocessing = 0;
		};
/* End PBXFrameworksBuildPhase section */

/* Begin PBXGroup section */
		56A686DE067819B42CDFF837 /* Frameworks */ = {
			isa = PBXGroup;
			children = (
				448D00F9F3B04EF83872C4CC /* Pods_MagicWindow.framework */,
			);
			name = Frameworks;
			sourceTree = "<group>";
		};
		627CFBA9298D5F5109380471 /* Pods */ = {
			isa = PBXGroup;
			children = (
				7B7D924E3982B893B32FDFBF /* Pods-SkySegmentationGifCreator.debug.xcconfig */,
				2F1C790B23BBCD9752B4C44F /* Pods-SkySegmentationGifCreator.release.xcconfig */,
				D740A4F1C963ED2A12454102 /* Pods-FritzSkyReplacementDemo.debug.xcconfig */,
				00EB0792BFD114C26D1FBFB7 /* Pods-FritzSkyReplacementDemo.release.xcconfig */,
				C2FF1AFF71311CB0E5F8DD53 /* Pods-MagicWindow.debug.xcconfig */,
				4BA49EF4305ED65A2C7DC475 /* Pods-MagicWindow.release.xcconfig */,
			);
			path = Pods;
			sourceTree = "<group>";
		};
		837BFB7722AAE6FB00010A93 = {
			isa = PBXGroup;
			children = (
				837BFB8222AAE6FB00010A93 /* MagicWindow */,
				837BFB8122AAE6FB00010A93 /* Products */,
				627CFBA9298D5F5109380471 /* Pods */,
				56A686DE067819B42CDFF837 /* Frameworks */,
			);
			sourceTree = "<group>";
		};
		837BFB8122AAE6FB00010A93 /* Products */ = {
			isa = PBXGroup;
			children = (
				837BFB8022AAE6FB00010A93 /* MagicWindow.app */,
			);
			name = Products;
			sourceTree = "<group>";
		};
		837BFB8222AAE6FB00010A93 /* MagicWindow */ = {
			isa = PBXGroup;
			children = (
				AD7BA54B2480CC7A002295F0 /* Fritz-Info.plist */,
				ADA69B562475DAEE00672F65 /* imgs */,
				AD8AF3F2246B531C008A0777 /* TFLiteExtension.swift */,
				AD8AF3EC246B49BF008A0777 /* UIImage+AnimatedGIF.swift */,
				AD8AF3ED246B49BF008A0777 /* UIImageView+AnimatedGIF.swift */,
				837BFB8322AAE6FB00010A93 /* AppDelegate.swift */,
				837BFB8522AAE6FB00010A93 /* ViewController.swift */,
				837BFB8722AAE6FB00010A93 /* Main.storyboard */,
				837BFB8A22AAE6FC00010A93 /* Assets.xcassets */,
				837BFB8C22AAE6FC00010A93 /* LaunchScreen.storyboard */,
				837BFB8F22AAE6FC00010A93 /* Info.plist */,
				AD7BA53924805A11002295F0 /* IntroViewController.swift */,
				AD7BA53B24805A83002295F0 /* CameraViewController.swift */,
				AD7BA54524806478002295F0 /* Bk_ref.swift */,
				AD7BA53D24805AB6002295F0 /* TutorialViewController.swift */,
				AD71148A248B01F900894922 /* AboutViewController.swift */,
				AD7BA53F24805AE1002295F0 /* SkyViewController.swift */,
				AD7BA54124805B00002295F0 /* ShareViewController.swift */,
			);
			path = MagicWindow;
			sourceTree = "<group>";
		};
		ADA69B562475DAEE00672F65 /* imgs */ = {
			isa = PBXGroup;
			children = (
				AD71148E248B056500894922 /* magicsky_top_b.svg */,
				AD71148C248B045A00894922 /* peke2.svg */,
				AD711488248ADC8800894922 /* def.png */,
				AD711486248ADC5600894922 /* giphy.gif */,
				AD711484248AD22E00894922 /* grad.svg */,
				AD711480248AD1E700894922 /* gif_svg.svg */,
				AD711481248AD1E700894922 /* plus_svg.svg */,
				AD71147C248ACD7900894922 /* import_svg2.svg */,
				AD71147A248ACCFF00894922 /* import_svg.svg */,
				AD71146B248AC8D200894922 /* cam_svg.svg */,
				AD711469248AC8D200894922 /* dl_svg.svg */,
				AD71146F248AC8D200894922 /* gifsvg.svg */,
				AD71146E248AC8D200894922 /* info_svg.svg */,
				AD711468248AC8D200894922 /* peke_svg.svg */,
				AD711470248AC8D200894922 /* share_svg.svg */,
				AD71146A248AC8D200894922 /* shoot_svg.svg */,
				AD8151662486F70100AA2181 /* ptpp.svg */,
				AD81515E2486F1B100AA2181 /* pt0.svg */,
				AD8151602486F1B100AA2181 /* pt1.svg */,
				AD81515B2486EE4B00AA2181 /* cloud2.svg */,
				AD81515A2486EE4B00AA2181 /* cloud3.svg */,
				AD8151582486C7DF00AA2181 /* magicsky_top.svg */,
				AD8255F424851CF60062507C /* logo@3x.png */,
				AD8255F1248173CA0062507C /* arrow-back.svg */,
				AD8255F0248173CA0062507C /* arrow-forward.svg */,
				AD7BA5492480789C002295F0 /* arrow-back-circle-sharp.svg */,
				AD7BA54724806971002295F0 /* ios-reverse-camera.svg */,
				AD7BA543248060D8002295F0 /* defsky.jpg */,
				ADA69B5B2475DE6600672F65 /* image-sharp.svg */,
				ADA69B592475DD5400672F65 /* download-sharp.svg */,
				ADA69B572475DB8700672F65 /* camera-sharp.svg */,
				AD9225FB246F202B0018EF02 /* save.png */,
				AD8AF3F0246B4CEE008A0777 /* camera.png */,
				ADF5CB21246B41F1005342FC /* sky.jpg */,
				83BE4F0322B2AE7400C6C5AF /* clouds.png */,
				83BE4F0222B2AE7400C6C5AF /* mountains.jpg */,
			);
			path = imgs;
			sourceTree = "<group>";
		};
/* End PBXGroup section */

/* Begin PBXNativeTarget section */
		837BFB7F22AAE6FB00010A93 /* MagicWindow */ = {
			isa = PBXNativeTarget;
			buildConfigurationList = 837BFB9222AAE6FC00010A93 /* Build configuration list for PBXNativeTarget "MagicWindow" */;
			buildPhases = (
				F4E63DE038EA65B06A534018 /* [CP] Check Pods Manifest.lock */,
				837BFB7C22AAE6FB00010A93 /* Sources */,
				837BFB7D22AAE6FB00010A93 /* Frameworks */,
				837BFB7E22AAE6FB00010A93 /* Resources */,
				A4FD6B8FAC6FCD2D4936DDF2 /* [CP] Embed Pods Frameworks */,
			);
			buildRules = (
			);
			dependencies = (
			);
			name = MagicWindow;
			productName = SkySegmentationGifCreator;
			productReference = 837BFB8022AAE6FB00010A93 /* MagicWindow.app */;
			productType = "com.apple.product-type.application";
		};
/* End PBXNativeTarget section */

/* Begin PBXProject section */
		837BFB7822AAE6FB00010A93 /* Project object */ = {
			isa = PBXProject;
			attributes = {
				LastSwiftUpdateCheck = 1020;
				LastUpgradeCheck = 1020;
				ORGANIZATIONNAME = Fritz;
				TargetAttributes = {
					837BFB7F22AAE6FB00010A93 = {
						CreatedOnToolsVersion = 10.2.1;
					};
				};
			};
			buildConfigurationList = 837BFB7B22AAE6FB00010A93 /* Build configuration list for PBXProject "MagicWindow" */;
			compatibilityVersion = "Xcode 9.3";
			developmentRegion = en;
			hasScannedForEncodings = 0;
			knownRegions = (
				en,
				Base,
			);
			mainGroup = 837BFB7722AAE6FB00010A93;
			productRefGroup = 837BFB8122AAE6FB00010A93 /* Products */;
			projectDirPath = "";
			projectRoot = "";
			targets = (
				837BFB7F22AAE6FB00010A93 /* MagicWindow */,
			);
		};
/* End PBXProject section */

/* Begin PBXResourcesBuildPhase section */
		837BFB7E22AAE6FB00010A93 /* Resources */ = {
			isa = PBXResourcesBuildPhase;
			buildActionMask = 2147483647;
			files = (
				AD711482248AD1E700894922 /* gif_svg.svg in Resources */,
				837BFB8E22AAE6FC00010A93 /* LaunchScreen.storyboard in Resources */,
				AD711487248ADC5600894922 /* giphy.gif in Resources */,
				AD7BA54C2480CC7A002295F0 /* Fritz-Info.plist in Resources */,
				83BE4F0522B2AE7400C6C5AF /* clouds.png in Resources */,
				AD711477248AC8D200894922 /* info_svg.svg in Resources */,
				AD711472248AC8D200894922 /* dl_svg.svg in Resources */,
				AD9225FC246F202B0018EF02 /* save.png in Resources */,
				837BFB8B22AAE6FC00010A93 /* Assets.xcassets in Resources */,
				ADA69B5A2475DD5500672F65 /* download-sharp.svg in Resources */,
				837BFB8922AAE6FB00010A93 /* Main.storyboard in Resources */,
				AD71148D248B045A00894922 /* peke2.svg in Resources */,
				AD8255F3248173CA0062507C /* arrow-back.svg in Resources */,
				ADA69B5C2475DE6600672F65 /* image-sharp.svg in Resources */,
				AD7BA54824806971002295F0 /* ios-reverse-camera.svg in Resources */,
				AD8255F524851CF70062507C /* logo@3x.png in Resources */,
				AD711478248AC8D200894922 /* gifsvg.svg in Resources */,
				AD7BA54A2480789C002295F0 /* arrow-back-circle-sharp.svg in Resources */,
				ADA69B582475DB8700672F65 /* camera-sharp.svg in Resources */,
				ADF5CB22246B41F1005342FC /* sky.jpg in Resources */,
				AD71147B248ACCFF00894922 /* import_svg.svg in Resources */,
				AD711483248AD1E700894922 /* plus_svg.svg in Resources */,
				AD711473248AC8D200894922 /* shoot_svg.svg in Resources */,
				AD8255F2248173CA0062507C /* arrow-forward.svg in Resources */,
				AD711471248AC8D200894922 /* peke_svg.svg in Resources */,
				AD8AF3F1246B4CEF008A0777 /* camera.png in Resources */,
				AD71147D248ACD7900894922 /* import_svg2.svg in Resources */,
				AD8151592486C7DF00AA2181 /* magicsky_top.svg in Resources */,
				AD711489248ADC8800894922 /* def.png in Resources */,
				AD8151632486F1B100AA2181 /* pt1.svg in Resources */,
				AD8151612486F1B100AA2181 /* pt0.svg in Resources */,
				AD711485248AD22E00894922 /* grad.svg in Resources */,
				AD711479248AC8D200894922 /* share_svg.svg in Resources */,
				AD81515D2486EE4B00AA2181 /* cloud2.svg in Resources */,
				AD7BA544248060D8002295F0 /* defsky.jpg in Resources */,
				AD71148F248B056500894922 /* magicsky_top_b.svg in Resources */,
				AD8151672486F70100AA2181 /* ptpp.svg in Resources */,
				AD711474248AC8D200894922 /* cam_svg.svg in Resources */,
				AD81515C2486EE4B00AA2181 /* cloud3.svg in Resources */,
				83BE4F0422B2AE7400C6C5AF /* mountains.jpg in Resources */,
			);
			runOnlyForDeploymentPostprocessing = 0;
		};
/* End PBXResourcesBuildPhase section */

/* Begin PBXShellScriptBuildPhase section */
		A4FD6B8FAC6FCD2D4936DDF2 /* [CP] Embed Pods Frameworks */ = {
			isa = PBXShellScriptBuildPhase;
			buildActionMask = 2147483647;
			files = (
			);
			inputFileListPaths = (
				"${PODS_ROOT}/Target Support Files/Pods-MagicWindow/Pods-MagicWindow-frameworks-${CONFIGURATION}-input-files.xcfilelist",
			);
			name = "[CP] Embed Pods Frameworks";
			outputFileListPaths = (
				"${PODS_ROOT}/Target Support Files/Pods-MagicWindow/Pods-MagicWindow-frameworks-${CONFIGURATION}-output-files.xcfilelist",
			);
			runOnlyForDeploymentPostprocessing = 0;
			shellPath = /bin/sh;
			shellScript = "\"${PODS_ROOT}/Target Support Files/Pods-MagicWindow/Pods-MagicWindow-frameworks.sh\"\n";
			showEnvVarsInLog = 0;
		};
		F4E63DE038EA65B06A534018 /* [CP] Check Pods Manifest.lock */ = {
			isa = PBXShellScriptBuildPhase;
			buildActionMask = 2147483647;
			files = (
			);
			inputFileListPaths = (
			);
			inputPaths = (
				"${PODS_PODFILE_DIR_PATH}/Podfile.lock",
				"${PODS_ROOT}/Manifest.lock",
			);
			name = "[CP] Check Pods Manifest.lock";
			outputFileListPaths = (
			);
			outputPaths = (
				"$(DERIVED_FILE_DIR)/Pods-MagicWindow-checkManifestLockResult.txt",
			);
			runOnlyForDeploymentPostprocessing = 0;
			shellPath = /bin/sh;
			shellScript = "diff \"${PODS_PODFILE_DIR_PATH}/Podfile.lock\" \"${PODS_ROOT}/Manifest.lock\" > /dev/null\nif [ $? != 0 ] ; then\n    # print error to STDERR\n    echo \"error: The sandbox is not in sync with the Podfile.lock. Run 'pod install' or update your CocoaPods installation.\" >&2\n    exit 1\nfi\n# This output is used by Xcode 'outputs' to avoid re-running this script phase.\necho \"SUCCESS\" > \"${SCRIPT_OUTPUT_FILE_0}\"\n";
			showEnvVarsInLog = 0;
		};
/* End PBXShellScriptBuildPhase section */

/* Begin PBXSourcesBuildPhase section */
		837BFB7C22AAE6FB00010A93 /* Sources */ = {
			isa = PBXSourcesBuildPhase;
			buildActionMask = 2147483647;
			files = (
				AD8AF3EF246B49BF008A0777 /* UIImageView+AnimatedGIF.swift in Sources */,
				837BFB8622AAE6FB00010A93 /* ViewController.swift in Sources */,
				AD7BA54224805B00002295F0 /* ShareViewController.swift in Sources */,
				AD7BA53E24805AB6002295F0 /* TutorialViewController.swift in Sources */,
				AD8AF3F3246B531C008A0777 /* TFLiteExtension.swift in Sources */,
				AD7BA53A24805A11002295F0 /* IntroViewController.swift in Sources */,
				AD71148B248B01F900894922 /* AboutViewController.swift in Sources */,
				AD7BA53C24805A83002295F0 /* CameraViewController.swift in Sources */,
				AD8AF3EE246B49BF008A0777 /* UIImage+AnimatedGIF.swift in Sources */,
				AD7BA54624806478002295F0 /* Bk_ref.swift in Sources */,
				AD7BA54024805AE1002295F0 /* SkyViewController.swift in Sources */,
				837BFB8422AAE6FB00010A93 /* AppDelegate.swift in Sources */,
			);
			runOnlyForDeploymentPostprocessing = 0;
		};
/* End PBXSourcesBuildPhase section */

/* Begin PBXVariantGroup section */
		837BFB8722AAE6FB00010A93 /* Main.storyboard */ = {
			isa = PBXVariantGroup;
			children = (
				837BFB8822AAE6FB00010A93 /* Base */,
			);
			name = Main.storyboard;
			sourceTree = "<group>";
		};
		837BFB8C22AAE6FC00010A93 /* LaunchScreen.storyboard */ = {
			isa = PBXVariantGroup;
			children = (
				837BFB8D22AAE6FC00010A93 /* Base */,
			);
			name = LaunchScreen.storyboard;
			sourceTree = "<group>";
		};
/* End PBXVariantGroup section */

/* Begin XCBuildConfiguration section */
		837BFB9022AAE6FC00010A93 /* Debug */ = {
			isa = XCBuildConfiguration;
			buildSettings = {
				ALWAYS_SEARCH_USER_PATHS = NO;
				CLANG_ANALYZER_NONNULL = YES;
				CLANG_ANALYZER_NUMBER_OBJECT_CONVERSION = YES_AGGRESSIVE;
				CLANG_CXX_LANGUAGE_STANDARD = "gnu++14";
				CLANG_CXX_LIBRARY = "libc++";
				CLANG_ENABLE_MODULES = YES;
				CLANG_ENABLE_OBJC_ARC = YES;
				CLANG_ENABLE_OBJC_WEAK = YES;
				CLANG_WARN_BLOCK_CAPTURE_AUTORELEASING = YES;
				CLANG_WARN_BOOL_CONVERSION = YES;
				CLANG_WARN_COMMA = YES;
				CLANG_WARN_CONSTANT_CONVERSION = YES;
				CLANG_WARN_DEPRECATED_OBJC_IMPLEMENTATIONS = YES;
				CLANG_WARN_DIRECT_OBJC_ISA_USAGE = YES_ERROR;
				CLANG_WARN_DOCUMENTATION_COMMENTS = YES;
				CLANG_WARN_EMPTY_BODY = YES;
				CLANG_WARN_ENUM_CONVERSION = YES;
				CLANG_WARN_INFINITE_RECURSION = YES;
				CLANG_WARN_INT_CONVERSION = YES;
				CLANG_WARN_NON_LITERAL_NULL_CONVERSION = YES;
				CLANG_WARN_OBJC_IMPLICIT_RETAIN_SELF = YES;
				CLANG_WARN_OBJC_LITERAL_CONVERSION = YES;
				CLANG_WARN_OBJC_ROOT_CLASS = YES_ERROR;
				CLANG_WARN_RANGE_LOOP_ANALYSIS = YES;
				CLANG_WARN_STRICT_PROTOTYPES = YES;
				CLANG_WARN_SUSPICIOUS_MOVE = YES;
				CLANG_WARN_UNGUARDED_AVAILABILITY = YES_AGGRESSIVE;
				CLANG_WARN_UNREACHABLE_CODE = YES;
				CLANG_WARN__DUPLICATE_METHOD_MATCH = YES;
				CODE_SIGN_IDENTITY = "iPhone Developer";
				COPY_PHASE_STRIP = NO;
				DEBUG_INFORMATION_FORMAT = dwarf;
				ENABLE_STRICT_OBJC_MSGSEND = YES;
				ENABLE_TESTABILITY = YES;
				GCC_C_LANGUAGE_STANDARD = gnu11;
				GCC_DYNAMIC_NO_PIC = NO;
				GCC_NO_COMMON_BLOCKS = YES;
				GCC_OPTIMIZATION_LEVEL = 0;
				GCC_PREPROCESSOR_DEFINITIONS = (
					"DEBUG=1",
					"$(inherited)",
				);
				GCC_WARN_64_TO_32_BIT_CONVERSION = YES;
				GCC_WARN_ABOUT_RETURN_TYPE = YES_ERROR;
				GCC_WARN_UNDECLARED_SELECTOR = YES;
				GCC_WARN_UNINITIALIZED_AUTOS = YES_AGGRESSIVE;
				GCC_WARN_UNUSED_FUNCTION = YES;
				GCC_WARN_UNUSED_VARIABLE = YES;
				IPHONEOS_DEPLOYMENT_TARGET = 12.2;
				MTL_ENABLE_DEBUG_INFO = INCLUDE_SOURCE;
				MTL_FAST_MATH = YES;
				ONLY_ACTIVE_ARCH = YES;
				SDKROOT = iphoneos;
				SWIFT_ACTIVE_COMPILATION_CONDITIONS = DEBUG;
				SWIFT_OPTIMIZATION_LEVEL = "-Onone";
			};
			name = Debug;
		};
		837BFB9122AAE6FC00010A93 /* Release */ = {
			isa = XCBuildConfiguration;
			buildSettings = {
				ALWAYS_SEARCH_USER_PATHS = NO;
				CLANG_ANALYZER_NONNULL = YES;
				CLANG_ANALYZER_NUMBER_OBJECT_CONVERSION = YES_AGGRESSIVE;
				CLANG_CXX_LANGUAGE_STANDARD = "gnu++14";
				CLANG_CXX_LIBRARY = "libc++";
				CLANG_ENABLE_MODULES = YES;
				CLANG_ENABLE_OBJC_ARC = YES;
				CLANG_ENABLE_OBJC_WEAK = YES;
				CLANG_WARN_BLOCK_CAPTURE_AUTORELEASING = YES;
				CLANG_WARN_BOOL_CONVERSION = YES;
				CLANG_WARN_COMMA = YES;
				CLANG_WARN_CONSTANT_CONVERSION = YES;
				CLANG_WARN_DEPRECATED_OBJC_IMPLEMENTATIONS = YES;
				CLANG_WARN_DIRECT_OBJC_ISA_USAGE = YES_ERROR;
				CLANG_WARN_DOCUMENTATION_COMMENTS = YES;
				CLANG_WARN_EMPTY_BODY = YES;
				CLANG_WARN_ENUM_CONVERSION = YES;
				CLANG_WARN_INFINITE_RECURSION = YES;
				CLANG_WARN_INT_CONVERSION = YES;
				CLANG_WARN_NON_LITERAL_NULL_CONVERSION = YES;
				CLANG_WARN_OBJC_IMPLICIT_RETAIN_SELF = YES;
				CLANG_WARN_OBJC_LITERAL_CONVERSION = YES;
				CLANG_WARN_OBJC_ROOT_CLASS = YES_ERROR;
				CLANG_WARN_RANGE_LOOP_ANALYSIS = YES;
				CLANG_WARN_STRICT_PROTOTYPES = YES;
				CLANG_WARN_SUSPICIOUS_MOVE = YES;
				CLANG_WARN_UNGUARDED_AVAILABILITY = YES_AGGRESSIVE;
				CLANG_WARN_UNREACHABLE_CODE = YES;
				CLANG_WARN__DUPLICATE_METHOD_MATCH = YES;
				CODE_SIGN_IDENTITY = "iPhone Developer";
				COPY_PHASE_STRIP = NO;
				DEBUG_INFORMATION_FORMAT = "dwarf-with-dsym";
				ENABLE_NS_ASSERTIONS = NO;
				ENABLE_STRICT_OBJC_MSGSEND = YES;
				GCC_C_LANGUAGE_STANDARD = gnu11;
				GCC_NO_COMMON_BLOCKS = YES;
				GCC_WARN_64_TO_32_BIT_CONVERSION = YES;
				GCC_WARN_ABOUT_RETURN_TYPE = YES_ERROR;
				GCC_WARN_UNDECLARED_SELECTOR = YES;
				GCC_WARN_UNINITIALIZED_AUTOS = YES_AGGRESSIVE;
				GCC_WARN_UNUSED_FUNCTION = YES;
				GCC_WARN_UNUSED_VARIABLE = YES;
				IPHONEOS_DEPLOYMENT_TARGET = 12.2;
				MTL_ENABLE_DEBUG_INFO = NO;
				MTL_FAST_MATH = YES;
				SDKROOT = iphoneos;
				SWIFT_COMPILATION_MODE = wholemodule;
				SWIFT_OPTIMIZATION_LEVEL = "-O";
				VALIDATE_PRODUCT = YES;
			};
			name = Release;
		};
		837BFB9322AAE6FC00010A93 /* Debug */ = {
			isa = XCBuildConfiguration;
			baseConfigurationReference = C2FF1AFF71311CB0E5F8DD53 /* Pods-MagicWindow.debug.xcconfig */;
			buildSettings = {
				ASSETCATALOG_COMPILER_APPICON_NAME = AppIcon;
				CODE_SIGN_IDENTITY = "Apple Development";
				CODE_SIGN_STYLE = Automatic;
				CURRENT_PROJECT_VERSION = 8;
				DEVELOPMENT_TEAM = 2SMAXGRFA3;
				INFOPLIST_FILE = MagicWindow/Info.plist;
				LD_RUNPATH_SEARCH_PATHS = (
					"$(inherited)",
					"@executable_path/Frameworks",
				);
				PRODUCT_BUNDLE_IDENTIFIER = org.bassdrum.magicWindow;
				PRODUCT_NAME = MagicWindow;
				PROVISIONING_PROFILE_SPECIFIER = "";
				SWIFT_VERSION = 5.0;
				TARGETED_DEVICE_FAMILY = 1;
			};
			name = Debug;
		};
		837BFB9422AAE6FC00010A93 /* Release */ = {
			isa = XCBuildConfiguration;
			baseConfigurationReference = 4BA49EF4305ED65A2C7DC475 /* Pods-MagicWindow.release.xcconfig */;
			buildSettings = {
				ASSETCATALOG_COMPILER_APPICON_NAME = AppIcon;
				CODE_SIGN_IDENTITY = "Apple Development";
				CODE_SIGN_STYLE = Automatic;
				CURRENT_PROJECT_VERSION = 8;
				DEVELOPMENT_TEAM = 2SMAXGRFA3;
				INFOPLIST_FILE = MagicWindow/Info.plist;
				LD_RUNPATH_SEARCH_PATHS = (
					"$(inherited)",
					"@executable_path/Frameworks",
				);
				PRODUCT_BUNDLE_IDENTIFIER = org.bassdrum.magicWindow;
				PRODUCT_NAME = MagicWindow;
				PROVISIONING_PROFILE_SPECIFIER = "";
				SWIFT_VERSION = 5.0;
				TARGETED_DEVICE_FAMILY = 1;
			};
			name = Release;
		};
/* End XCBuildConfiguration section */

/* Begin XCConfigurationList section */
		837BFB7B22AAE6FB00010A93 /* Build configuration list for PBXProject "MagicWindow" */ = {
			isa = XCConfigurationList;
			buildConfigurations = (
				837BFB9022AAE6FC00010A93 /* Debug */,
				837BFB9122AAE6FC00010A93 /* Release */,
			);
			defaultConfigurationIsVisible = 0;
			defaultConfigurationName = Release;
		};
		837BFB9222AAE6FC00010A93 /* Build configuration list for PBXNativeTarget "MagicWindow" */ = {
			isa = XCConfigurationList;
			buildConfigurations = (
				837BFB9322AAE6FC00010A93 /* Debug */,
				837BFB9422AAE6FC00010A93 /* Release */,
			);
			defaultConfigurationIsVisible = 0;
			defaultConfigurationName = Release;
		};
/* End XCConfigurationList section */
	};
	rootObject = 837BFB7822AAE6FB00010A93 /* Project object */;
}
